
Microsoft Visual Studio Solution File, Format Version 12.00
# Visual Studio Version 17
VisualStudioVersion = 17.8.34408.163
MinimumVisualStudioVersion = 10.0.40219.1
Project("{FAE04EC0-301F-11D3-BF4B-00C04F79EFBC}") = "TestProject1", "TestProject1.csproj", "{4E0D37AA-2CA0-424C-9780-E54A08A95ECA}"
EndProject
Global
	GlobalSection(SolutionConfigurationPlatforms) = preSolution
		Debug|Any CPU = Debug|Any CPU
		Release|Any CPU = Release|Any CPU
	EndGlobalSection
	GlobalSection(ProjectConfigurationPlatforms) = postSolution
		{4E0D37AA-2CA0-424C-9780-E54A08A95ECA}.Debug|Any CPU.ActiveCfg = Debug|Any CPU
		{4E0D37AA-2CA0-424C-9780-E54A08A95ECA}.Debug|Any CPU.Build.0 = Debug|Any CPU
		{4E0D37AA-2CA0-424C-9780-E54A08A95ECA}.Release|Any CPU.ActiveCfg = Release|Any CPU
		{4E0D37AA-2CA0-424C-9780-E54A08A95ECA}.Release|Any CPU.Build.0 = Release|Any CPU
	EndGlobalSection
	GlobalSection(SolutionProperties) = preSolution
		HideSolutionNode = FALSE
	EndGlobalSection
	GlobalSection(ExtensibilityGlobals) = postSolution
		SolutionGuid = {23B76589-F07E-41C3-848C-26BD680C01D9}
	EndGlobalSection
EndGlobal
